
Microsoft Visual Studio Solution File, Format Version 12.00
# Visual Studio 15
VisualStudioVersion = 15.0.28307.852
MinimumVisualStudioVersion = 10.0.40219.1
Project("{FAE04EC0-301F-11D3-BF4B-00C04F79EFBC}") = "Pong", "Pong\Pong.csproj", "{BE146E0D-8918-4C59-9861-2F657A3BDEBD}"
EndProject
Global
	GlobalSection(SolutionConfigurationPlatforms) = preSolution
		Debug|Any CPU = Debug|Any CPU
		Release|Any CPU = Release|Any CPU
	EndGlobalSection
	GlobalSection(ProjectConfigurationPlatforms) = postSolution
		{BE146E0D-8918-4C59-9861-2F657A3BDEBD}.Debug|Any CPU.ActiveCfg = Debug|Any CPU
		{BE146E0D-8918-4C59-9861-2F657A3BDEBD}.Debug|Any CPU.Build.0 = Debug|Any CPU
		{BE146E0D-8918-4C59-9861-2F657A3BDEBD}.Release|Any CPU.ActiveCfg = Release|Any CPU
		{BE146E0D-8918-4C59-9861-2F657A3BDEBD}.Release|Any CPU.Build.0 = Release|Any CPU
	EndGlobalSection
	GlobalSection(SolutionProperties) = preSolution
		HideSolutionNode = FALSE
	EndGlobalSection
	GlobalSection(ExtensibilityGlobals) = postSolution
		SolutionGuid = {A8F8324B-6495-45EB-ACE8-EFCFC79689C5}
	EndGlobalSection
EndGlobal
